
Microsoft Visual Studio Solution File, Format Version 12.00
# Visual Studio Version 16
VisualStudioVersion = 16.0.29613.14
MinimumVisualStudioVersion = 10.0.40219.1
Project("{8BC9CEB8-8B4A-11D0-8D11-00A0C91BC942}") = "inject", "inject.vcxproj", "{61FA4004-910A-4B32-B125-669B2F4DF3C1}"
EndProject
Project("{8BC9CEB8-8B4A-11D0-8D11-00A0C91BC942}") = "redvoid", "..\redvoid\redvoid.vcxproj", "{A112458A-8EB7-4171-8338-5CB72C635213}"
EndProject
Project("{2150E333-8FDC-42A3-9474-1A3956D46DE8}") = "shared", "shared", "{73B48237-7ECC-48E1-8B78-D24E22F4FD82}"
EndProject
Global
	GlobalSection(SolutionConfigurationPlatforms) = preSolution
		Debug|x64 = Debug|x64
		Debug|x86 = Debug|x86
		Release|x64 = Release|x64
		Release|x86 = Release|x86
	EndGlobalSection
	GlobalSection(ProjectConfigurationPlatforms) = postSolution
		{61FA4004-910A-4B32-B125-669B2F4DF3C1}.Debug|x64.ActiveCfg = Debug|x64
		{61FA4004-910A-4B32-B125-669B2F4DF3C1}.Debug|x64.Build.0 = Debug|x64
		{61FA4004-910A-4B32-B125-669B2F4DF3C1}.Debug|x86.ActiveCfg = Debug|Win32
		{61FA4004-910A-4B32-B125-669B2F4DF3C1}.Debug|x86.Build.0 = Debug|Win32
		{61FA4004-910A-4B32-B125-669B2F4DF3C1}.Release|x64.ActiveCfg = Release|x64
		{61FA4004-910A-4B32-B125-669B2F4DF3C1}.Release|x64.Build.0 = Release|x64
		{61FA4004-910A-4B32-B125-669B2F4DF3C1}.Release|x86.ActiveCfg = Release|Win32
		{61FA4004-910A-4B32-B125-669B2F4DF3C1}.Release|x86.Build.0 = Release|Win32
		{A112458A-8EB7-4171-8338-5CB72C635213}.Debug|x64.ActiveCfg = Debug|x64
		{A112458A-8EB7-4171-8338-5CB72C635213}.Debug|x64.Build.0 = Debug|x64
		{A112458A-8EB7-4171-8338-5CB72C635213}.Debug|x86.ActiveCfg = Debug|Win32
		{A112458A-8EB7-4171-8338-5CB72C635213}.Debug|x86.Build.0 = Debug|Win32
		{A112458A-8EB7-4171-8338-5CB72C635213}.Release|x64.ActiveCfg = Release|x64
		{A112458A-8EB7-4171-8338-5CB72C635213}.Release|x64.Build.0 = Release|x64
		{A112458A-8EB7-4171-8338-5CB72C635213}.Release|x86.ActiveCfg = Release|Win32
		{A112458A-8EB7-4171-8338-5CB72C635213}.Release|x86.Build.0 = Release|Win32
	EndGlobalSection
	GlobalSection(SolutionProperties) = preSolution
		HideSolutionNode = FALSE
	EndGlobalSection
	GlobalSection(ExtensibilityGlobals) = postSolution
		SolutionGuid = {46972DDD-BD0C-4C1C-91E1-885DC094616B}
	EndGlobalSection
EndGlobal
